// !$*UTF8*$!
{
	archiveVersion = 1;
	classes = {
	};
	objectVersion = 50;
	objects = {

/* Begin PBXBuildFile section */
		77CA555C208EB8E400E5A4F8 /* Event.cpp in Sources */ = {isa = PBXBuildFile; fileRef = 77CA5552208EB8E300E5A4F8 /* Event.cpp */; };
		77CA555D208EB8E400E5A4F8 /* Process.cpp in Sources */ = {isa = PBXBuildFile; fileRef = 77CA5554208EB8E300E5A4F8 /* Process.cpp */; };
		77CA555E208EB8E400E5A4F8 /* main.cpp in Sources */ = {isa = PBXBuildFile; fileRef = 77CA5556208EB8E300E5A4F8 /* main.cpp */; };
		77CA555F208EB8E400E5A4F8 /* Buffer.cpp in Sources */ = {isa = PBXBuildFile; fileRef = 77CA5557208EB8E300E5A4F8 /* Buffer.cpp */; };
		77CA5560208EB8E400E5A4F8 /* Simulation.cpp in Sources */ = {isa = PBXBuildFile; fileRef = 77CA5558208EB8E300E5A4F8 /* Simulation.cpp */; };
		77F9106D20AB744100926299 /* DataCrawler.cpp in Sources */ = {isa = PBXBuildFile; fileRef = 77F9106B20AB744100926299 /* DataCrawler.cpp */; };
/* End PBXBuildFile section */

/* Begin PBXCopyFilesBuildPhase section */
		77CA5522208EB6BD00E5A4F8 /* CopyFiles */ = {
			isa = PBXCopyFilesBuildPhase;
			buildActionMask = 2147483647;
			dstPath = /usr/share/man/man1/;
			dstSubfolderSpec = 0;
			files = (
			);
			runOnlyForDeploymentPostprocessing = 1;
		};
		77CA5540208EB7EE00E5A4F8 /* CopyFiles */ = {
			isa = PBXCopyFilesBuildPhase;
			buildActionMask = 2147483647;
			dstPath = "";
			dstSubfolderSpec = 7;
			files = (
			);
			runOnlyForDeploymentPostprocessing = 0;
		};
/* End PBXCopyFilesBuildPhase section */

/* Begin PBXFileReference section */
		77CA5524208EB6BD00E5A4F8 /* ASAE */ = {isa = PBXFileReference; explicitFileType = "compiled.mach-o.executable"; includeInIndex = 0; path = ASAE; sourceTree = BUILT_PRODUCTS_DIR; };
		77CA5552208EB8E300E5A4F8 /* Event.cpp */ = {isa = PBXFileReference; fileEncoding = 4; lastKnownFileType = sourcecode.cpp.cpp; path = Event.cpp; sourceTree = "<group>"; };
		77CA5554208EB8E300E5A4F8 /* Process.cpp */ = {isa = PBXFileReference; fileEncoding = 4; lastKnownFileType = sourcecode.cpp.cpp; path = Process.cpp; sourceTree = "<group>"; };
		77CA5555208EB8E300E5A4F8 /* Buffer.hpp */ = {isa = PBXFileReference; fileEncoding = 4; lastKnownFileType = sourcecode.cpp.h; path = Buffer.hpp; sourceTree = "<group>"; };
		77CA5556208EB8E300E5A4F8 /* main.cpp */ = {isa = PBXFileReference; fileEncoding = 4; lastKnownFileType = sourcecode.cpp.cpp; path = main.cpp; sourceTree = "<group>"; };
		77CA5557208EB8E300E5A4F8 /* Buffer.cpp */ = {isa = PBXFileReference; fileEncoding = 4; lastKnownFileType = sourcecode.cpp.cpp; path = Buffer.cpp; sourceTree = "<group>"; };
		77CA5558208EB8E300E5A4F8 /* Simulation.cpp */ = {isa = PBXFileReference; fileEncoding = 4; lastKnownFileType = sourcecode.cpp.cpp; path = Simulation.cpp; sourceTree = "<group>"; };
		77CA5559208EB8E300E5A4F8 /* Simulation.hpp */ = {isa = PBXFileReference; fileEncoding = 4; lastKnownFileType = sourcecode.cpp.h; path = Simulation.hpp; sourceTree = "<group>"; };
		77CA555A208EB8E300E5A4F8 /* Event.hpp */ = {isa = PBXFileReference; fileEncoding = 4; lastKnownFileType = sourcecode.cpp.h; path = Event.hpp; sourceTree = "<group>"; };
		77CA555B208EB8E400E5A4F8 /* Process.hpp */ = {isa = PBXFileReference; fileEncoding = 4; lastKnownFileType = sourcecode.cpp.h; path = Process.hpp; sourceTree = "<group>"; };
		77D242CC20ABE9CA00B61AAD /* model.txt */ = {isa = PBXFileReference; lastKnownFileType = text; path = model.txt; sourceTree = "<group>"; };
		77F9106B20AB744100926299 /* DataCrawler.cpp */ = {isa = PBXFileReference; lastKnownFileType = sourcecode.cpp.cpp; path = DataCrawler.cpp; sourceTree = "<group>"; };
		77F9106C20AB744100926299 /* DataCrawler.hpp */ = {isa = PBXFileReference; lastKnownFileType = sourcecode.cpp.h; path = DataCrawler.hpp; sourceTree = "<group>"; };
/* End PBXFileReference section */

/* Begin PBXFrameworksBuildPhase section */
		77CA5521208EB6BD00E5A4F8 /* Frameworks */ = {
			isa = PBXFrameworksBuildPhase;
			buildActionMask = 2147483647;
			files = (
			);
			runOnlyForDeploymentPostprocessing = 0;
		};
/* End PBXFrameworksBuildPhase section */

/* Begin PBXGroup section */
		77CA551B208EB6BD00E5A4F8 = {
			isa = PBXGroup;
			children = (
				77CA5526208EB6BD00E5A4F8 /* ASAE */,
				77CA5525208EB6BD00E5A4F8 /* Products */,
				77CA553D208EB75700E5A4F8 /* Frameworks */,
			);
			sourceTree = "<group>";
		};
		77CA5525208EB6BD00E5A4F8 /* Products */ = {
			isa = PBXGroup;
			children = (
				77CA5524208EB6BD00E5A4F8 /* ASAE */,
			);
			name = Products;
			sourceTree = "<group>";
		};
		77CA5526208EB6BD00E5A4F8 /* ASAE */ = {
			isa = PBXGroup;
			children = (
				77CA5557208EB8E300E5A4F8 /* Buffer.cpp */,
				77CA5555208EB8E300E5A4F8 /* Buffer.hpp */,
				77CA5552208EB8E300E5A4F8 /* Event.cpp */,
				77CA555A208EB8E300E5A4F8 /* Event.hpp */,
				77CA5556208EB8E300E5A4F8 /* main.cpp */,
				77CA5554208EB8E300E5A4F8 /* Process.cpp */,
				77CA555B208EB8E400E5A4F8 /* Process.hpp */,
				77CA5558208EB8E300E5A4F8 /* Simulation.cpp */,
				77CA5559208EB8E300E5A4F8 /* Simulation.hpp */,
				77F9106B20AB744100926299 /* DataCrawler.cpp */,
				77F9106C20AB744100926299 /* DataCrawler.hpp */,
				77D242CC20ABE9CA00B61AAD /* model.txt */,
			);
			path = ASAE;
			sourceTree = "<group>";
		};
		77CA553D208EB75700E5A4F8 /* Frameworks */ = {
			isa = PBXGroup;
			children = (
			);
			name = Frameworks;
			sourceTree = "<group>";
		};
/* End PBXGroup section */

/* Begin PBXNativeTarget section */
		77CA5523208EB6BD00E5A4F8 /* ASAE */ = {
			isa = PBXNativeTarget;
			buildConfigurationList = 77CA552B208EB6BD00E5A4F8 /* Build configuration list for PBXNativeTarget "ASAE" */;
			buildPhases = (
				77CA5520208EB6BD00E5A4F8 /* Sources */,
				77CA5521208EB6BD00E5A4F8 /* Frameworks */,
				77CA5522208EB6BD00E5A4F8 /* CopyFiles */,
				77CA5540208EB7EE00E5A4F8 /* CopyFiles */,
			);
			buildRules = (
			);
			dependencies = (
			);
			name = ASAE;
			productName = ASAE;
			productReference = 77CA5524208EB6BD00E5A4F8 /* ASAE */;
			productType = "com.apple.product-type.tool";
		};
/* End PBXNativeTarget section */

/* Begin PBXProject section */
		77CA551C208EB6BD00E5A4F8 /* Project object */ = {
			isa = PBXProject;
			attributes = {
				LastUpgradeCheck = 0930;
				ORGANIZATIONNAME = "Benjamin G Fields";
				TargetAttributes = {
					77CA5523208EB6BD00E5A4F8 = {
						CreatedOnToolsVersion = 9.3;
					};
				};
			};
			buildConfigurationList = 77CA551F208EB6BD00E5A4F8 /* Build configuration list for PBXProject "ASAE" */;
			compatibilityVersion = "Xcode 9.3";
			developmentRegion = en;
			hasScannedForEncodings = 0;
			knownRegions = (
				en,
			);
			mainGroup = 77CA551B208EB6BD00E5A4F8;
			productRefGroup = 77CA5525208EB6BD00E5A4F8 /* Products */;
			projectDirPath = "";
			projectRoot = "";
			targets = (
				77CA5523208EB6BD00E5A4F8 /* ASAE */,
			);
		};
/* End PBXProject section */

/* Begin PBXSourcesBuildPhase section */
		77CA5520208EB6BD00E5A4F8 /* Sources */ = {
			isa = PBXSourcesBuildPhase;
			buildActionMask = 2147483647;
			files = (
				77CA555C208EB8E400E5A4F8 /* Event.cpp in Sources */,
				77CA5560208EB8E400E5A4F8 /* Simulation.cpp in Sources */,
				77F9106D20AB744100926299 /* DataCrawler.cpp in Sources */,
				77CA555F208EB8E400E5A4F8 /* Buffer.cpp in Sources */,
				77CA555D208EB8E400E5A4F8 /* Process.cpp in Sources */,
				77CA555E208EB8E400E5A4F8 /* main.cpp in Sources */,
			);
			runOnlyForDeploymentPostprocessing = 0;
		};
/* End PBXSourcesBuildPhase section */

/* Begin XCBuildConfiguration section */
		77CA5529208EB6BD00E5A4F8 /* Debug */ = {
			isa = XCBuildConfiguration;
			buildSettings = {
				ALWAYS_SEARCH_USER_PATHS = NO;
				CLANG_ANALYZER_NONNULL = YES;
				CLANG_ANALYZER_NUMBER_OBJECT_CONVERSION = YES_AGGRESSIVE;
				CLANG_CXX_LANGUAGE_STANDARD = "gnu++14";
				CLANG_CXX_LIBRARY = "libc++";
				CLANG_ENABLE_MODULES = YES;
				CLANG_ENABLE_OBJC_ARC = YES;
				CLANG_ENABLE_OBJC_WEAK = YES;
				CLANG_WARN_BLOCK_CAPTURE_AUTORELEASING = YES;
				CLANG_WARN_BOOL_CONVERSION = YES;
				CLANG_WARN_COMMA = YES;
				CLANG_WARN_CONSTANT_CONVERSION = YES;
				CLANG_WARN_DEPRECATED_OBJC_IMPLEMENTATIONS = YES;
				CLANG_WARN_DIRECT_OBJC_ISA_USAGE = YES_ERROR;
				CLANG_WARN_DOCUMENTATION_COMMENTS = YES;
				CLANG_WARN_EMPTY_BODY = YES;
				CLANG_WARN_ENUM_CONVERSION = YES;
				CLANG_WARN_INFINITE_RECURSION = YES;
				CLANG_WARN_INT_CONVERSION = YES;
				CLANG_WARN_NON_LITERAL_NULL_CONVERSION = YES;
				CLANG_WARN_OBJC_IMPLICIT_RETAIN_SELF = YES;
				CLANG_WARN_OBJC_LITERAL_CONVERSION = YES;
				CLANG_WARN_OBJC_ROOT_CLASS = YES_ERROR;
				CLANG_WARN_RANGE_LOOP_ANALYSIS = YES;
				CLANG_WARN_STRICT_PROTOTYPES = YES;
				CLANG_WARN_SUSPICIOUS_MOVE = YES;
				CLANG_WARN_UNGUARDED_AVAILABILITY = YES_AGGRESSIVE;
				CLANG_WARN_UNREACHABLE_CODE = YES;
				CLANG_WARN__DUPLICATE_METHOD_MATCH = YES;
				CODE_SIGN_IDENTITY = "Mac Developer";
				COPY_PHASE_STRIP = NO;
				DEBUG_INFORMATION_FORMAT = dwarf;
				ENABLE_STRICT_OBJC_MSGSEND = YES;
				ENABLE_TESTABILITY = YES;
				GCC_C_LANGUAGE_STANDARD = gnu11;
				GCC_DYNAMIC_NO_PIC = NO;
				GCC_NO_COMMON_BLOCKS = YES;
				GCC_OPTIMIZATION_LEVEL = 0;
				GCC_PREPROCESSOR_DEFINITIONS = (
					"DEBUG=1",
					"$(inherited)",
				);
				GCC_WARN_64_TO_32_BIT_CONVERSION = YES;
				GCC_WARN_ABOUT_RETURN_TYPE = YES_ERROR;
				GCC_WARN_UNDECLARED_SELECTOR = YES;
				GCC_WARN_UNINITIALIZED_AUTOS = YES_AGGRESSIVE;
				GCC_WARN_UNUSED_FUNCTION = YES;
				GCC_WARN_UNUSED_VARIABLE = YES;
				MACOSX_DEPLOYMENT_TARGET = 10.13;
				MTL_ENABLE_DEBUG_INFO = YES;
				ONLY_ACTIVE_ARCH = YES;
				SDKROOT = macosx;
			};
			name = Debug;
		};
		77CA552A208EB6BD00E5A4F8 /* Release */ = {
			isa = XCBuildConfiguration;
			buildSettings = {
				ALWAYS_SEARCH_USER_PATHS = NO;
				CLANG_ANALYZER_NONNULL = YES;
				CLANG_ANALYZER_NUMBER_OBJECT_CONVERSION = YES_AGGRESSIVE;
				CLANG_CXX_LANGUAGE_STANDARD = "gnu++14";
				CLANG_CXX_LIBRARY = "libc++";
				CLANG_ENABLE_MODULES = YES;
				CLANG_ENABLE_OBJC_ARC = YES;
				CLANG_ENABLE_OBJC_WEAK = YES;
				CLANG_WARN_BLOCK_CAPTURE_AUTORELEASING = YES;
				CLANG_WARN_BOOL_CONVERSION = YES;
				CLANG_WARN_COMMA = YES;
				CLANG_WARN_CONSTANT_CONVERSION = YES;
				CLANG_WARN_DEPRECATED_OBJC_IMPLEMENTATIONS = YES;
				CLANG_WARN_DIRECT_OBJC_ISA_USAGE = YES_ERROR;
				CLANG_WARN_DOCUMENTATION_COMMENTS = YES;
				CLANG_WARN_EMPTY_BODY = YES;
				CLANG_WARN_ENUM_CONVERSION = YES;
				CLANG_WARN_INFINITE_RECURSION = YES;
				CLANG_WARN_INT_CONVERSION = YES;
				CLANG_WARN_NON_LITERAL_NULL_CONVERSION = YES;
				CLANG_WARN_OBJC_IMPLICIT_RETAIN_SELF = YES;
				CLANG_WARN_OBJC_LITERAL_CONVERSION = YES;
				CLANG_WARN_OBJC_ROOT_CLASS = YES_ERROR;
				CLANG_WARN_RANGE_LOOP_ANALYSIS = YES;
				CLANG_WARN_STRICT_PROTOTYPES = YES;
				CLANG_WARN_SUSPICIOUS_MOVE = YES;
				CLANG_WARN_UNGUARDED_AVAILABILITY = YES_AGGRESSIVE;
				CLANG_WARN_UNREACHABLE_CODE = YES;
				CLANG_WARN__DUPLICATE_METHOD_MATCH = YES;
				CODE_SIGN_IDENTITY = "Mac Developer";
				COPY_PHASE_STRIP = NO;
				DEBUG_INFORMATION_FORMAT = "dwarf-with-dsym";
				ENABLE_NS_ASSERTIONS = NO;
				ENABLE_STRICT_OBJC_MSGSEND = YES;
				GCC_C_LANGUAGE_STANDARD = gnu11;
				GCC_NO_COMMON_BLOCKS = YES;
				GCC_WARN_64_TO_32_BIT_CONVERSION = YES;
				GCC_WARN_ABOUT_RETURN_TYPE = YES_ERROR;
				GCC_WARN_UNDECLARED_SELECTOR = YES;
				GCC_WARN_UNINITIALIZED_AUTOS = YES_AGGRESSIVE;
				GCC_WARN_UNUSED_FUNCTION = YES;
				GCC_WARN_UNUSED_VARIABLE = YES;
				MACOSX_DEPLOYMENT_TARGET = 10.13;
				MTL_ENABLE_DEBUG_INFO = NO;
				SDKROOT = macosx;
			};
			name = Release;
		};
		77CA552C208EB6BD00E5A4F8 /* Debug */ = {
			isa = XCBuildConfiguration;
			buildSettings = {
				CODE_SIGN_STYLE = Automatic;
				DEVELOPMENT_TEAM = VKT6MDX254;
				HEADER_SEARCH_PATHS = /usr/local/Cellar/libxlsxwriter/0.7.6/include;
				LIBRARY_SEARCH_PATHS = /usr/local/Cellar/libxlsxwriter/0.7.6/lib;
				PRODUCT_NAME = "$(TARGET_NAME)";
			};
			name = Debug;
		};
		77CA552D208EB6BD00E5A4F8 /* Release */ = {
			isa = XCBuildConfiguration;
			buildSettings = {
				CODE_SIGN_STYLE = Automatic;
				DEVELOPMENT_TEAM = VKT6MDX254;
				HEADER_SEARCH_PATHS = /usr/local/Cellar/libxlsxwriter/0.7.6/include;
				LIBRARY_SEARCH_PATHS = /usr/local/Cellar/libxlsxwriter/0.7.6/lib;
				PRODUCT_NAME = "$(TARGET_NAME)";
			};
			name = Release;
		};
/* End XCBuildConfiguration section */

/* Begin XCConfigurationList section */
		77CA551F208EB6BD00E5A4F8 /* Build configuration list for PBXProject "ASAE" */ = {
			isa = XCConfigurationList;
			buildConfigurations = (
				77CA5529208EB6BD00E5A4F8 /* Debug */,
				77CA552A208EB6BD00E5A4F8 /* Release */,
			);
			defaultConfigurationIsVisible = 0;
			defaultConfigurationName = Release;
		};
		77CA552B208EB6BD00E5A4F8 /* Build configuration list for PBXNativeTarget "ASAE" */ = {
			isa = XCConfigurationList;
			buildConfigurations = (
				77CA552C208EB6BD00E5A4F8 /* Debug */,
				77CA552D208EB6BD00E5A4F8 /* Release */,
			);
			defaultConfigurationIsVisible = 0;
			defaultConfigurationName = Release;
		};
/* End XCConfigurationList section */
	};
	rootObject = 77CA551C208EB6BD00E5A4F8 /* Project object */;
}
